
Microsoft Visual Studio Solution File, Format Version 12.00
# Visual Studio Version 17
VisualStudioVersion = 17.0.31903.59
MinimumVisualStudioVersion = 10.0.40219.1
Project("{9A19103F-16F7-4668-BE54-9A1E7A4F7556}") = "MLConsole", "MLConsole\MLConsole.csproj", "{3BA5B2E0-3FC6-43FA-B13C-4DACC3D76E47}"
EndProject
Global
	GlobalSection(SolutionConfigurationPlatforms) = preSolution
		Debug|Any CPU = Debug|Any CPU
		Release|Any CPU = Release|Any CPU
	EndGlobalSection
	GlobalSection(ProjectConfigurationPlatforms) = postSolution
		{3BA5B2E0-3FC6-43FA-B13C-4DACC3D76E47}.Debug|Any CPU.ActiveCfg = Debug|Any CPU
		{3BA5B2E0-3FC6-43FA-B13C-4DACC3D76E47}.Debug|Any CPU.Build.0 = Debug|Any CPU
		{3BA5B2E0-3FC6-43FA-B13C-4DACC3D76E47}.Release|Any CPU.ActiveCfg = Release|Any CPU
		{3BA5B2E0-3FC6-43FA-B13C-4DACC3D76E47}.Release|Any CPU.Build.0 = Release|Any CPU
	EndGlobalSection
	GlobalSection(SolutionProperties) = preSolution
		HideSolutionNode = FALSE
	EndGlobalSection
	GlobalSection(ExtensibilityGlobals) = postSolution
		SolutionGuid = {064160FC-8AFC-4E18-B1E0-87BFAB06FFD9}
	EndGlobalSection
EndGlobal
